
Microsoft Visual Studio Solution File, Format Version 12.00
# Visual Studio 15
VisualStudioVersion = 15.0.28307.271
MinimumVisualStudioVersion = 10.0.40219.1
Project("{FAE04EC0-301F-11D3-BF4B-00C04F79EFBC}") = "Kampintro", "Kampintro\Kampintro.csproj", "{D6EE0C50-A5FF-43AC-932B-B14BBD506374}"
EndProject
Project("{FAE04EC0-301F-11D3-BF4B-00C04F79EFBC}") = "Donguler", "Donguler\Donguler.csproj", "{8ED29AE6-4888-4C38-9E38-EF30B8308DE5}"
EndProject
Project("{FAE04EC0-301F-11D3-BF4B-00C04F79EFBC}") = "ClassIntro", "ClassIntro\ClassIntro.csproj", "{1D24EC63-A529-471C-9D2A-B68A4C13B988}"
EndProject
Project("{FAE04EC0-301F-11D3-BF4B-00C04F79EFBC}") = "Metotlar", "Metotlar\Metotlar.csproj", "{A8A1D3F1-6BB1-4F66-A2E8-0F714B5D6751}"
EndProject
Project("{FAE04EC0-301F-11D3-BF4B-00C04F79EFBC}") = "Matematik", "Matematik\Matematik.csproj", "{BDFBE2D2-56E5-46E7-9605-01924203E3B6}"
EndProject
Project("{FAE04EC0-301F-11D3-BF4B-00C04F79EFBC}") = "DegerVeReferansTipler", "DegerVeReferansTipler\DegerVeReferansTipler.csproj", "{B60610F4-EF7B-4A63-ADE1-A685D6AF3655}"
EndProject
Project("{FAE04EC0-301F-11D3-BF4B-00C04F79EFBC}") = "RefAndOut", "RefAndOut\RefAndOut.csproj", "{BF5C8975-0864-432B-8A53-E9DC3B429FC9}"
EndProject
Project("{FAE04EC0-301F-11D3-BF4B-00C04F79EFBC}") = "ClassMetotDemo", "ClassMetotDemo\ClassMetotDemo.csproj", "{6F7AE1DF-4F72-427A-9C28-6867D6D22A06}"
EndProject
Project("{FAE04EC0-301F-11D3-BF4B-00C04F79EFBC}") = "OOP1", "OOP1\OOP1.csproj", "{B9457CD2-3101-4E22-A4A3-E0D751FCE616}"
EndProject
Project("{FAE04EC0-301F-11D3-BF4B-00C04F79EFBC}") = "Koleksiyonlar", "Koleksiyonlar\Koleksiyonlar.csproj", "{C947FDE3-7816-444C-9D3F-6DA990A582FF}"
EndProject
Project("{FAE04EC0-301F-11D3-BF4B-00C04F79EFBC}") = "Generics", "Generics\Generics.csproj", "{A733E785-7C3A-4E1D-B0A8-79DE7AF1F66E}"
EndProject
Project("{FAE04EC0-301F-11D3-BF4B-00C04F79EFBC}") = "OOP3", "ÔOP3\OOP3.csproj", "{6026B1AD-118E-4EF0-B40D-1467B34BC850}"
EndProject
Global
	GlobalSection(SolutionConfigurationPlatforms) = preSolution
		Debug|Any CPU = Debug|Any CPU
		Release|Any CPU = Release|Any CPU
	EndGlobalSection
	GlobalSection(ProjectConfigurationPlatforms) = postSolution
		{D6EE0C50-A5FF-43AC-932B-B14BBD506374}.Debug|Any CPU.ActiveCfg = Debug|Any CPU
		{D6EE0C50-A5FF-43AC-932B-B14BBD506374}.Debug|Any CPU.Build.0 = Debug|Any CPU
		{D6EE0C50-A5FF-43AC-932B-B14BBD506374}.Release|Any CPU.ActiveCfg = Release|Any CPU
		{D6EE0C50-A5FF-43AC-932B-B14BBD506374}.Release|Any CPU.Build.0 = Release|Any CPU
		{8ED29AE6-4888-4C38-9E38-EF30B8308DE5}.Debug|Any CPU.ActiveCfg = Debug|Any CPU
		{8ED29AE6-4888-4C38-9E38-EF30B8308DE5}.Debug|Any CPU.Build.0 = Debug|Any CPU
		{8ED29AE6-4888-4C38-9E38-EF30B8308DE5}.Release|Any CPU.ActiveCfg = Release|Any CPU
		{8ED29AE6-4888-4C38-9E38-EF30B8308DE5}.Release|Any CPU.Build.0 = Release|Any CPU
		{1D24EC63-A529-471C-9D2A-B68A4C13B988}.Debug|Any CPU.ActiveCfg = Debug|Any CPU
		{1D24EC63-A529-471C-9D2A-B68A4C13B988}.Debug|Any CPU.Build.0 = Debug|Any CPU
		{1D24EC63-A529-471C-9D2A-B68A4C13B988}.Release|Any CPU.ActiveCfg = Release|Any CPU
		{1D24EC63-A529-471C-9D2A-B68A4C13B988}.Release|Any CPU.Build.0 = Release|Any CPU
		{A8A1D3F1-6BB1-4F66-A2E8-0F714B5D6751}.Debug|Any CPU.ActiveCfg = Debug|Any CPU
		{A8A1D3F1-6BB1-4F66-A2E8-0F714B5D6751}.Debug|Any CPU.Build.0 = Debug|Any CPU
		{A8A1D3F1-6BB1-4F66-A2E8-0F714B5D6751}.Release|Any CPU.ActiveCfg = Release|Any CPU
		{A8A1D3F1-6BB1-4F66-A2E8-0F714B5D6751}.Release|Any CPU.Build.0 = Release|Any CPU
		{BDFBE2D2-56E5-46E7-9605-01924203E3B6}.Debug|Any CPU.ActiveCfg = Debug|Any CPU
		{BDFBE2D2-56E5-46E7-9605-01924203E3B6}.Debug|Any CPU.Build.0 = Debug|Any CPU
		{BDFBE2D2-56E5-46E7-9605-01924203E3B6}.Release|Any CPU.ActiveCfg = Release|Any CPU
		{BDFBE2D2-56E5-46E7-9605-01924203E3B6}.Release|Any CPU.Build.0 = Release|Any CPU
		{B60610F4-EF7B-4A63-ADE1-A685D6AF3655}.Debug|Any CPU.ActiveCfg = Debug|Any CPU
		{B60610F4-EF7B-4A63-ADE1-A685D6AF3655}.Debug|Any CPU.Build.0 = Debug|Any CPU
		{B60610F4-EF7B-4A63-ADE1-A685D6AF3655}.Release|Any CPU.ActiveCfg = Release|Any CPU
		{B60610F4-EF7B-4A63-ADE1-A685D6AF3655}.Release|Any CPU.Build.0 = Release|Any CPU
		{BF5C8975-0864-432B-8A53-E9DC3B429FC9}.Debug|Any CPU.ActiveCfg = Debug|Any CPU
		{BF5C8975-0864-432B-8A53-E9DC3B429FC9}.Debug|Any CPU.Build.0 = Debug|Any CPU
		{BF5C8975-0864-432B-8A53-E9DC3B429FC9}.Release|Any CPU.ActiveCfg = Release|Any CPU
		{BF5C8975-0864-432B-8A53-E9DC3B429FC9}.Release|Any CPU.Build.0 = Release|Any CPU
		{6F7AE1DF-4F72-427A-9C28-6867D6D22A06}.Debug|Any CPU.ActiveCfg = Debug|Any CPU
		{6F7AE1DF-4F72-427A-9C28-6867D6D22A06}.Debug|Any CPU.Build.0 = Debug|Any CPU
		{6F7AE1DF-4F72-427A-9C28-6867D6D22A06}.Release|Any CPU.ActiveCfg = Release|Any CPU
		{6F7AE1DF-4F72-427A-9C28-6867D6D22A06}.Release|Any CPU.Build.0 = Release|Any CPU
		{B9457CD2-3101-4E22-A4A3-E0D751FCE616}.Debug|Any CPU.ActiveCfg = Debug|Any CPU
		{B9457CD2-3101-4E22-A4A3-E0D751FCE616}.Debug|Any CPU.Build.0 = Debug|Any CPU
		{B9457CD2-3101-4E22-A4A3-E0D751FCE616}.Release|Any CPU.ActiveCfg = Release|Any CPU
		{B9457CD2-3101-4E22-A4A3-E0D751FCE616}.Release|Any CPU.Build.0 = Release|Any CPU
		{C947FDE3-7816-444C-9D3F-6DA990A582FF}.Debug|Any CPU.ActiveCfg = Debug|Any CPU
		{C947FDE3-7816-444C-9D3F-6DA990A582FF}.Debug|Any CPU.Build.0 = Debug|Any CPU
		{C947FDE3-7816-444C-9D3F-6DA990A582FF}.Release|Any CPU.ActiveCfg = Release|Any CPU
		{C947FDE3-7816-444C-9D3F-6DA990A582FF}.Release|Any CPU.Build.0 = Release|Any CPU
		{A733E785-7C3A-4E1D-B0A8-79DE7AF1F66E}.Debug|Any CPU.ActiveCfg = Debug|Any CPU
		{A733E785-7C3A-4E1D-B0A8-79DE7AF1F66E}.Debug|Any CPU.Build.0 = Debug|Any CPU
		{A733E785-7C3A-4E1D-B0A8-79DE7AF1F66E}.Release|Any CPU.ActiveCfg = Release|Any CPU
		{A733E785-7C3A-4E1D-B0A8-79DE7AF1F66E}.Release|Any CPU.Build.0 = Release|Any CPU
		{6026B1AD-118E-4EF0-B40D-1467B34BC850}.Debug|Any CPU.ActiveCfg = Debug|Any CPU
		{6026B1AD-118E-4EF0-B40D-1467B34BC850}.Debug|Any CPU.Build.0 = Debug|Any CPU
		{6026B1AD-118E-4EF0-B40D-1467B34BC850}.Release|Any CPU.ActiveCfg = Release|Any CPU
		{6026B1AD-118E-4EF0-B40D-1467B34BC850}.Release|Any CPU.Build.0 = Release|Any CPU
	EndGlobalSection
	GlobalSection(SolutionProperties) = preSolution
		HideSolutionNode = FALSE
	EndGlobalSection
	GlobalSection(ExtensibilityGlobals) = postSolution
		SolutionGuid = {AB122D26-BC34-4AB1-8687-14762219E9A5}
	EndGlobalSection
EndGlobal
